Microsoft Visual Studio Solution File, Format Version 12.00
# Visual Studio Version 17
VisualStudioVersion = 17.5.2.0
MinimumVisualStudioVersion = 10.0.40219.1
Project("{FAE04EC0-301F-11D3-BF4B-00C04F79EFBC}") = "event-service", "event-service.csproj", "{AF19C639-88FA-0C8D-DE1A-91CE8B1014E0}"
EndProject
Global
	GlobalSection(SolutionConfigurationPlatforms) = preSolution
		Debug|Any CPU = Debug|Any CPU
		Release|Any CPU = Release|Any CPU
	EndGlobalSection
	GlobalSection(ProjectConfigurationPlatforms) = postSolution
		{AF19C639-88FA-0C8D-DE1A-91CE8B1014E0}.Debug|Any CPU.ActiveCfg = Debug|Any CPU
		{AF19C639-88FA-0C8D-DE1A-91CE8B1014E0}.Debug|Any CPU.Build.0 = Debug|Any CPU
		{AF19C639-88FA-0C8D-DE1A-91CE8B1014E0}.Release|Any CPU.ActiveCfg = Release|Any CPU
		{AF19C639-88FA-0C8D-DE1A-91CE8B1014E0}.Release|Any CPU.Build.0 = Release|Any CPU
	EndGlobalSection
	GlobalSection(SolutionProperties) = preSolution
		HideSolutionNode = FALSE
	EndGlobalSection
	GlobalSection(ExtensibilityGlobals) = postSolution
		SolutionGuid = {98F5015A-520B-4181-A952-9FEBBCDEE8A4}
	EndGlobalSection
EndGlobal
